
Microsoft Visual Studio Solution File, Format Version 12.00
# Visual Studio Version 17
VisualStudioVersion = 17.6.33815.320
MinimumVisualStudioVersion = 10.0.40219.1
Project("{FAE04EC0-301F-11D3-BF4B-00C04F79EFBC}") = "Task", "Тестовое задание\Task.csproj", "{A53112B0-904C-4350-BA4F-D4480383FDE2}"
EndProject
Project("{FAE04EC0-301F-11D3-BF4B-00C04F79EFBC}") = "Task.Tests", "Task.Tests\Task.Tests.csproj", "{940C4169-894A-4D17-B42B-406B10B9A93C}"
EndProject
Global
	GlobalSection(SolutionConfigurationPlatforms) = preSolution
		Debug|Any CPU = Debug|Any CPU
		Release|Any CPU = Release|Any CPU
	EndGlobalSection
	GlobalSection(ProjectConfigurationPlatforms) = postSolution
		{A53112B0-904C-4350-BA4F-D4480383FDE2}.Debug|Any CPU.ActiveCfg = Debug|Any CPU
		{A53112B0-904C-4350-BA4F-D4480383FDE2}.Debug|Any CPU.Build.0 = Debug|Any CPU
		{A53112B0-904C-4350-BA4F-D4480383FDE2}.Release|Any CPU.ActiveCfg = Release|Any CPU
		{A53112B0-904C-4350-BA4F-D4480383FDE2}.Release|Any CPU.Build.0 = Release|Any CPU
		{940C4169-894A-4D17-B42B-406B10B9A93C}.Debug|Any CPU.ActiveCfg = Debug|Any CPU
		{940C4169-894A-4D17-B42B-406B10B9A93C}.Debug|Any CPU.Build.0 = Debug|Any CPU
		{940C4169-894A-4D17-B42B-406B10B9A93C}.Release|Any CPU.ActiveCfg = Release|Any CPU
		{940C4169-894A-4D17-B42B-406B10B9A93C}.Release|Any CPU.Build.0 = Release|Any CPU
	EndGlobalSection
	GlobalSection(SolutionProperties) = preSolution
		HideSolutionNode = FALSE
	EndGlobalSection
	GlobalSection(ExtensibilityGlobals) = postSolution
		SolutionGuid = {1D820C3E-8E83-46E8-99D6-238945A9CAE5}
	EndGlobalSection
EndGlobal
